// !$*UTF8*$!
{
	archiveVersion = 1;
	classes = {
	};
	objectVersion = 50;
	objects = {

/* Begin PBXBuildFile section */
		339C674E2364DCED004D159D /* page2.swift in Sources */ = {isa = PBXBuildFile; fileRef = 339C674D2364DCED004D159D /* page2.swift */; };
		339C67512364E451004D159D /* Notes.xcdatamodeld in Sources */ = {isa = PBXBuildFile; fileRef = 339C674F2364E451004D159D /* Notes.xcdatamodeld */; };
		339C675A2364EE09004D159D /* NoteItem+CoreDataClass.swift in Sources */ = {isa = PBXBuildFile; fileRef = 339C67582364EE09004D159D /* NoteItem+CoreDataClass.swift */; };
		339C675B2364EE09004D159D /* NoteItem+CoreDataProperties.swift in Sources */ = {isa = PBXBuildFile; fileRef = 339C67592364EE09004D159D /* NoteItem+CoreDataProperties.swift */; };
		339C675F2364FF33004D159D /* TableViewController.swift in Sources */ = {isa = PBXBuildFile; fileRef = 339C675E2364FF33004D159D /* TableViewController.swift */; };
		33B500372331AEBD0098088F /* AppDelegate.swift in Sources */ = {isa = PBXBuildFile; fileRef = 33B500362331AEBD0098088F /* AppDelegate.swift */; };
		33B500392331AEBD0098088F /* ViewController.swift in Sources */ = {isa = PBXBuildFile; fileRef = 33B500382331AEBD0098088F /* ViewController.swift */; };
		33B5003C2331AEBD0098088F /* Main.storyboard in Resources */ = {isa = PBXBuildFile; fileRef = 33B5003A2331AEBD0098088F /* Main.storyboard */; };
		33B5003E2331AEBE0098088F /* Assets.xcassets in Resources */ = {isa = PBXBuildFile; fileRef = 33B5003D2331AEBE0098088F /* Assets.xcassets */; };
		33B500412331AEBE0098088F /* LaunchScreen.storyboard in Resources */ = {isa = PBXBuildFile; fileRef = 33B5003F2331AEBE0098088F /* LaunchScreen.storyboard */; };
		33B500492331D6F00098088F /* UserLogController.swift in Sources */ = {isa = PBXBuildFile; fileRef = 33B500482331D6F00098088F /* UserLogController.swift */; };
/* End PBXBuildFile section */

/* Begin PBXFileReference section */
		339C674D2364DCED004D159D /* page2.swift */ = {isa = PBXFileReference; lastKnownFileType = sourcecode.swift; path = page2.swift; sourceTree = "<group>"; };
		339C67502364E451004D159D /* Notes.xcdatamodel */ = {isa = PBXFileReference; lastKnownFileType = wrapper.xcdatamodel; path = Notes.xcdatamodel; sourceTree = "<group>"; };
		339C67582364EE09004D159D /* NoteItem+CoreDataClass.swift */ = {isa = PBXFileReference; lastKnownFileType = sourcecode.swift; path = "NoteItem+CoreDataClass.swift"; sourceTree = "<group>"; };
		339C67592364EE09004D159D /* NoteItem+CoreDataProperties.swift */ = {isa = PBXFileReference; lastKnownFileType = sourcecode.swift; path = "NoteItem+CoreDataProperties.swift"; sourceTree = "<group>"; };
		339C675E2364FF33004D159D /* TableViewController.swift */ = {isa = PBXFileReference; lastKnownFileType = sourcecode.swift; path = TableViewController.swift; sourceTree = "<group>"; };
		33B500332331AEBC0098088F /* FreedomWithFinance.app */ = {isa = PBXFileReference; explicitFileType = wrapper.application; includeInIndex = 0; path = FreedomWithFinance.app; sourceTree = BUILT_PRODUCTS_DIR; };
		33B500362331AEBD0098088F /* AppDelegate.swift */ = {isa = PBXFileReference; lastKnownFileType = sourcecode.swift; path = AppDelegate.swift; sourceTree = "<group>"; };
		33B500382331AEBD0098088F /* ViewController.swift */ = {isa = PBXFileReference; lastKnownFileType = sourcecode.swift; path = ViewController.swift; sourceTree = "<group>"; };
		33B5003B2331AEBD0098088F /* Base */ = {isa = PBXFileReference; lastKnownFileType = file.storyboard; name = Base; path = Base.lproj/Main.storyboard; sourceTree = "<group>"; };
		33B5003D2331AEBE0098088F /* Assets.xcassets */ = {isa = PBXFileReference; lastKnownFileType = folder.assetcatalog; path = Assets.xcassets; sourceTree = "<group>"; };
		33B500402331AEBE0098088F /* Base */ = {isa = PBXFileReference; lastKnownFileType = file.storyboard; name = Base; path = Base.lproj/LaunchScreen.storyboard; sourceTree = "<group>"; };
		33B500422331AEBE0098088F /* Info.plist */ = {isa = PBXFileReference; lastKnownFileType = text.plist.xml; path = Info.plist; sourceTree = "<group>"; };
		33B500482331D6F00098088F /* UserLogController.swift */ = {isa = PBXFileReference; lastKnownFileType = sourcecode.swift; path = UserLogController.swift; sourceTree = "<group>"; };
/* End PBXFileReference section */

/* Begin PBXFrameworksBuildPhase section */
		33B500302331AEBC0098088F /* Frameworks */ = {
			isa = PBXFrameworksBuildPhase;
			buildActionMask = 2147483647;
			files = (
			);
			runOnlyForDeploymentPostprocessing = 0;
		};
/* End PBXFrameworksBuildPhase section */

/* Begin PBXGroup section */
		33B5002A2331AEBC0098088F = {
			isa = PBXGroup;
			children = (
				33B500352331AEBD0098088F /* FreedomWithFinance */,
				33B500342331AEBC0098088F /* Products */,
			);
			sourceTree = "<group>";
		};
		33B500342331AEBC0098088F /* Products */ = {
			isa = PBXGroup;
			children = (
				33B500332331AEBC0098088F /* FreedomWithFinance.app */,
			);
			name = Products;
			sourceTree = "<group>";
		};
		33B500352331AEBD0098088F /* FreedomWithFinance */ = {
			isa = PBXGroup;
			children = (
				339C67582364EE09004D159D /* NoteItem+CoreDataClass.swift */,
				339C67592364EE09004D159D /* NoteItem+CoreDataProperties.swift */,
				33B500362331AEBD0098088F /* AppDelegate.swift */,
				33B500382331AEBD0098088F /* ViewController.swift */,
				339C675E2364FF33004D159D /* TableViewController.swift */,
				339C674D2364DCED004D159D /* page2.swift */,
				33B5003A2331AEBD0098088F /* Main.storyboard */,
				339C674F2364E451004D159D /* Notes.xcdatamodeld */,
				33B500482331D6F00098088F /* UserLogController.swift */,
				33B5003D2331AEBE0098088F /* Assets.xcassets */,
				33B5003F2331AEBE0098088F /* LaunchScreen.storyboard */,
				33B500422331AEBE0098088F /* Info.plist */,
			);
			path = FreedomWithFinance;
			sourceTree = "<group>";
		};
/* End PBXGroup section */

/* Begin PBXNativeTarget section */
		33B500322331AEBC0098088F /* FreedomWithFinance */ = {
			isa = PBXNativeTarget;
			buildConfigurationList = 33B500452331AEBE0098088F /* Build configuration list for PBXNativeTarget "FreedomWithFinance" */;
			buildPhases = (
				33B5002F2331AEBC0098088F /* Sources */,
				33B500302331AEBC0098088F /* Frameworks */,
				33B500312331AEBC0098088F /* Resources */,
			);
			buildRules = (
			);
			dependencies = (
			);
			name = FreedomWithFinance;
			productName = FreedomWithFinance;
			productReference = 33B500332331AEBC0098088F /* FreedomWithFinance.app */;
			productType = "com.apple.product-type.application";
		};
/* End PBXNativeTarget section */

/* Begin PBXProject section */
		33B5002B2331AEBC0098088F /* Project object */ = {
			isa = PBXProject;
			attributes = {
				LastSwiftUpdateCheck = 1030;
				LastUpgradeCheck = 1030;
				ORGANIZATIONNAME = "Spencer Adams";
				TargetAttributes = {
					33B500322331AEBC0098088F = {
						CreatedOnToolsVersion = 10.3;
					};
				};
			};
			buildConfigurationList = 33B5002E2331AEBC0098088F /* Build configuration list for PBXProject "FreedomWithFinance" */;
			compatibilityVersion = "Xcode 9.3";
			developmentRegion = en;
			hasScannedForEncodings = 0;
			knownRegions = (
				en,
				Base,
			);
			mainGroup = 33B5002A2331AEBC0098088F;
			productRefGroup = 33B500342331AEBC0098088F /* Products */;
			projectDirPath = "";
			projectRoot = "";
			targets = (
				33B500322331AEBC0098088F /* FreedomWithFinance */,
			);
		};
/* End PBXProject section */

/* Begin PBXResourcesBuildPhase section */
		33B500312331AEBC0098088F /* Resources */ = {
			isa = PBXResourcesBuildPhase;
			buildActionMask = 2147483647;
			files = (
				33B500412331AEBE0098088F /* LaunchScreen.storyboard in Resources */,
				33B5003E2331AEBE0098088F /* Assets.xcassets in Resources */,
				33B5003C2331AEBD0098088F /* Main.storyboard in Resources */,
			);
			runOnlyForDeploymentPostprocessing = 0;
		};
/* End PBXResourcesBuildPhase section */

/* Begin PBXSourcesBuildPhase section */
		33B5002F2331AEBC0098088F /* Sources */ = {
			isa = PBXSourcesBuildPhase;
			buildActionMask = 2147483647;
			files = (
				33B500392331AEBD0098088F /* ViewController.swift in Sources */,
				339C67512364E451004D159D /* Notes.xcdatamodeld in Sources */,
				339C675A2364EE09004D159D /* NoteItem+CoreDataClass.swift in Sources */,
				339C675F2364FF33004D159D /* TableViewController.swift in Sources */,
				339C674E2364DCED004D159D /* page2.swift in Sources */,
				33B500492331D6F00098088F /* UserLogController.swift in Sources */,
				33B500372331AEBD0098088F /* AppDelegate.swift in Sources */,
				339C675B2364EE09004D159D /* NoteItem+CoreDataProperties.swift in Sources */,
			);
			runOnlyForDeploymentPostprocessing = 0;
		};
/* End PBXSourcesBuildPhase section */

/* Begin PBXVariantGroup section */
		33B5003A2331AEBD0098088F /* Main.storyboard */ = {
			isa = PBXVariantGroup;
			children = (
				33B5003B2331AEBD0098088F /* Base */,
			);
			name = Main.storyboard;
			sourceTree = "<group>";
		};
		33B5003F2331AEBE0098088F /* LaunchScreen.storyboard */ = {
			isa = PBXVariantGroup;
			children = (
				33B500402331AEBE0098088F /* Base */,
			);
			name = LaunchScreen.storyboard;
			sourceTree = "<group>";
		};
/* End PBXVariantGroup section */

/* Begin XCBuildConfiguration section */
		33B500432331AEBE0098088F /* Debug */ = {
			isa = XCBuildConfiguration;
			buildSettings = {
				ALWAYS_SEARCH_USER_PATHS = NO;
				CLANG_ANALYZER_NONNULL = YES;
				CLANG_ANALYZER_NUMBER_OBJECT_CONVERSION = YES_AGGRESSIVE;
				CLANG_CXX_LANGUAGE_STANDARD = "gnu++14";
				CLANG_CXX_LIBRARY = "libc++";
				CLANG_ENABLE_MODULES = YES;
				CLANG_ENABLE_OBJC_ARC = YES;
				CLANG_ENABLE_OBJC_WEAK = YES;
				CLANG_WARN_BLOCK_CAPTURE_AUTORELEASING = YES;
				CLANG_WARN_BOOL_CONVERSION = YES;
				CLANG_WARN_COMMA = YES;
				CLANG_WARN_CONSTANT_CONVERSION = YES;
				CLANG_WARN_DEPRECATED_OBJC_IMPLEMENTATIONS = YES;
				CLANG_WARN_DIRECT_OBJC_ISA_USAGE = YES_ERROR;
				CLANG_WARN_DOCUMENTATION_COMMENTS = YES;
				CLANG_WARN_EMPTY_BODY = YES;
				CLANG_WARN_ENUM_CONVERSION = YES;
				CLANG_WARN_INFINITE_RECURSION = YES;
				CLANG_WARN_INT_CONVERSION = YES;
				CLANG_WARN_NON_LITERAL_NULL_CONVERSION = YES;
				CLANG_WARN_OBJC_IMPLICIT_RETAIN_SELF = YES;
				CLANG_WARN_OBJC_LITERAL_CONVERSION = YES;
				CLANG_WARN_OBJC_ROOT_CLASS = YES_ERROR;
				CLANG_WARN_RANGE_LOOP_ANALYSIS = YES;
				CLANG_WARN_STRICT_PROTOTYPES = YES;
				CLANG_WARN_SUSPICIOUS_MOVE = YES;
				CLANG_WARN_UNGUARDED_AVAILABILITY = YES_AGGRESSIVE;
				CLANG_WARN_UNREACHABLE_CODE = YES;
				CLANG_WARN__DUPLICATE_METHOD_MATCH = YES;
				CODE_SIGN_IDENTITY = "iPhone Developer";
				COPY_PHASE_STRIP = NO;
				DEBUG_INFORMATION_FORMAT = dwarf;
				ENABLE_STRICT_OBJC_MSGSEND = YES;
				ENABLE_TESTABILITY = YES;
				GCC_C_LANGUAGE_STANDARD = gnu11;
				GCC_DYNAMIC_NO_PIC = NO;
				GCC_NO_COMMON_BLOCKS = YES;
				GCC_OPTIMIZATION_LEVEL = 0;
				GCC_PREPROCESSOR_DEFINITIONS = (
					"DEBUG=1",
					"$(inherited)",
				);
				GCC_WARN_64_TO_32_BIT_CONVERSION = YES;
				GCC_WARN_ABOUT_RETURN_TYPE = YES_ERROR;
				GCC_WARN_UNDECLARED_SELECTOR = YES;
				GCC_WARN_UNINITIALIZED_AUTOS = YES_AGGRESSIVE;
				GCC_WARN_UNUSED_FUNCTION = YES;
				GCC_WARN_UNUSED_VARIABLE = YES;
				IPHONEOS_DEPLOYMENT_TARGET = 12.4;
				MTL_ENABLE_DEBUG_INFO = INCLUDE_SOURCE;
				MTL_FAST_MATH = YES;
				ONLY_ACTIVE_ARCH = YES;
				SDKROOT = iphoneos;
				SWIFT_ACTIVE_COMPILATION_CONDITIONS = DEBUG;
				SWIFT_OPTIMIZATION_LEVEL = "-Onone";
			};
			name = Debug;
		};
		33B500442331AEBE0098088F /* Release */ = {
			isa = XCBuildConfiguration;
			buildSettings = {
				ALWAYS_SEARCH_USER_PATHS = NO;
				CLANG_ANALYZER_NONNULL = YES;
				CLANG_ANALYZER_NUMBER_OBJECT_CONVERSION = YES_AGGRESSIVE;
				CLANG_CXX_LANGUAGE_STANDARD = "gnu++14";
				CLANG_CXX_LIBRARY = "libc++";
				CLANG_ENABLE_MODULES = YES;
				CLANG_ENABLE_OBJC_ARC = YES;
				CLANG_ENABLE_OBJC_WEAK = YES;
				CLANG_WARN_BLOCK_CAPTURE_AUTORELEASING = YES;
				CLANG_WARN_BOOL_CONVERSION = YES;
				CLANG_WARN_COMMA = YES;
				CLANG_WARN_CONSTANT_CONVERSION = YES;
				CLANG_WARN_DEPRECATED_OBJC_IMPLEMENTATIONS = YES;
				CLANG_WARN_DIRECT_OBJC_ISA_USAGE = YES_ERROR;
				CLANG_WARN_DOCUMENTATION_COMMENTS = YES;
				CLANG_WARN_EMPTY_BODY = YES;
				CLANG_WARN_ENUM_CONVERSION = YES;
				CLANG_WARN_INFINITE_RECURSION = YES;
				CLANG_WARN_INT_CONVERSION = YES;
				CLANG_WARN_NON_LITERAL_NULL_CONVERSION = YES;
				CLANG_WARN_OBJC_IMPLICIT_RETAIN_SELF = YES;
				CLANG_WARN_OBJC_LITERAL_CONVERSION = YES;
				CLANG_WARN_OBJC_ROOT_CLASS = YES_ERROR;
				CLANG_WARN_RANGE_LOOP_ANALYSIS = YES;
				CLANG_WARN_STRICT_PROTOTYPES = YES;
				CLANG_WARN_SUSPICIOUS_MOVE = YES;
				CLANG_WARN_UNGUARDED_AVAILABILITY = YES_AGGRESSIVE;
				CLANG_WARN_UNREACHABLE_CODE = YES;
				CLANG_WARN__DUPLICATE_METHOD_MATCH = YES;
				CODE_SIGN_IDENTITY = "iPhone Developer";
				COPY_PHASE_STRIP = NO;
				DEBUG_INFORMATION_FORMAT = "dwarf-with-dsym";
				ENABLE_NS_ASSERTIONS = NO;
				ENABLE_STRICT_OBJC_MSGSEND = YES;
				GCC_C_LANGUAGE_STANDARD = gnu11;
				GCC_NO_COMMON_BLOCKS = YES;
				GCC_WARN_64_TO_32_BIT_CONVERSION = YES;
				GCC_WARN_ABOUT_RETURN_TYPE = YES_ERROR;
				GCC_WARN_UNDECLARED_SELECTOR = YES;
				GCC_WARN_UNINITIALIZED_AUTOS = YES_AGGRESSIVE;
				GCC_WARN_UNUSED_FUNCTION = YES;
				GCC_WARN_UNUSED_VARIABLE = YES;
				IPHONEOS_DEPLOYMENT_TARGET = 12.4;
				MTL_ENABLE_DEBUG_INFO = NO;
				MTL_FAST_MATH = YES;
				SDKROOT = iphoneos;
				SWIFT_COMPILATION_MODE = wholemodule;
				SWIFT_OPTIMIZATION_LEVEL = "-O";
				VALIDATE_PRODUCT = YES;
			};
			name = Release;
		};
		33B500462331AEBE0098088F /* Debug */ = {
			isa = XCBuildConfiguration;
			buildSettings = {
				ASSETCATALOG_COMPILER_APPICON_NAME = AppIcon;
				CODE_SIGN_STYLE = Automatic;
				INFOPLIST_FILE = FreedomWithFinance/Info.plist;
				IPHONEOS_DEPLOYMENT_TARGET = 12.1;
				LD_RUNPATH_SEARCH_PATHS = (
					"$(inherited)",
					"@executable_path/Frameworks",
				);
				PRODUCT_BUNDLE_IDENTIFIER = com.Calculator.FreedomWithFinance;
				PRODUCT_NAME = "$(TARGET_NAME)";
				SWIFT_VERSION = 5.0;
				TARGETED_DEVICE_FAMILY = "1,2";
			};
			name = Debug;
		};
		33B500472331AEBE0098088F /* Release */ = {
			isa = XCBuildConfiguration;
			buildSettings = {
				ASSETCATALOG_COMPILER_APPICON_NAME = AppIcon;
				CODE_SIGN_STYLE = Automatic;
				INFOPLIST_FILE = FreedomWithFinance/Info.plist;
				IPHONEOS_DEPLOYMENT_TARGET = 12.1;
				LD_RUNPATH_SEARCH_PATHS = (
					"$(inherited)",
					"@executable_path/Frameworks",
				);
				PRODUCT_BUNDLE_IDENTIFIER = com.Calculator.FreedomWithFinance;
				PRODUCT_NAME = "$(TARGET_NAME)";
				SWIFT_VERSION = 5.0;
				TARGETED_DEVICE_FAMILY = "1,2";
			};
			name = Release;
		};
/* End XCBuildConfiguration section */

/* Begin XCConfigurationList section */
		33B5002E2331AEBC0098088F /* Build configuration list for PBXProject "FreedomWithFinance" */ = {
			isa = XCConfigurationList;
			buildConfigurations = (
				33B500432331AEBE0098088F /* Debug */,
				33B500442331AEBE0098088F /* Release */,
			);
			defaultConfigurationIsVisible = 0;
			defaultConfigurationName = Release;
		};
		33B500452331AEBE0098088F /* Build configuration list for PBXNativeTarget "FreedomWithFinance" */ = {
			isa = XCConfigurationList;
			buildConfigurations = (
				33B500462331AEBE0098088F /* Debug */,
				33B500472331AEBE0098088F /* Release */,
			);
			defaultConfigurationIsVisible = 0;
			defaultConfigurationName = Release;
		};
/* End XCConfigurationList section */

/* Begin XCVersionGroup section */
		339C674F2364E451004D159D /* Notes.xcdatamodeld */ = {
			isa = XCVersionGroup;
			children = (
				339C67502364E451004D159D /* Notes.xcdatamodel */,
			);
			currentVersion = 339C67502364E451004D159D /* Notes.xcdatamodel */;
			path = Notes.xcdatamodeld;
			sourceTree = "<group>";
			versionGroupType = wrapper.xcdatamodel;
		};
/* End XCVersionGroup section */
	};
	rootObject = 33B5002B2331AEBC0098088F /* Project object */;
}
